
Microsoft Visual Studio Solution File, Format Version 12.00
# Visual Studio 15
VisualStudioVersion = 15.0.28307.572
MinimumVisualStudioVersion = 10.0.40219.1
Project("{FAE04EC0-301F-11D3-BF4B-00C04F79EFBC}") = "CalcSample.Android", "CalcSample\CalcSample.Android\CalcSample.Android.csproj", "{D4F40C21-89A1-449B-8DFA-35E66F6E47D4}"
EndProject
Project("{FAE04EC0-301F-11D3-BF4B-00C04F79EFBC}") = "CalcSample.iOS", "CalcSample\CalcSample.iOS\CalcSample.iOS.csproj", "{61FAF56A-B5AF-40E6-BF04-77286755F80B}"
EndProject
Project("{FAE04EC0-301F-11D3-BF4B-00C04F79EFBC}") = "CalcSample", "CalcSample\CalcSample\CalcSample.csproj", "{18188361-D863-4F9E-BC22-BAF2788ED3A5}"
EndProject
Global
	GlobalSection(SolutionConfigurationPlatforms) = preSolution
		Ad-Hoc|Any CPU = Ad-Hoc|Any CPU
		Ad-Hoc|iPhone = Ad-Hoc|iPhone
		Ad-Hoc|iPhoneSimulator = Ad-Hoc|iPhoneSimulator
		AppStore|Any CPU = AppStore|Any CPU
		AppStore|iPhone = AppStore|iPhone
		AppStore|iPhoneSimulator = AppStore|iPhoneSimulator
		Debug|Any CPU = Debug|Any CPU
		Debug|iPhone = Debug|iPhone
		Debug|iPhoneSimulator = Debug|iPhoneSimulator
		Release|Any CPU = Release|Any CPU
		Release|iPhone = Release|iPhone
		Release|iPhoneSimulator = Release|iPhoneSimulator
	EndGlobalSection
	GlobalSection(ProjectConfigurationPlatforms) = postSolution
		{D4F40C21-89A1-449B-8DFA-35E66F6E47D4}.Ad-Hoc|Any CPU.ActiveCfg = Release|Any CPU
		{D4F40C21-89A1-449B-8DFA-35E66F6E47D4}.Ad-Hoc|Any CPU.Build.0 = Release|Any CPU
		{D4F40C21-89A1-449B-8DFA-35E66F6E47D4}.Ad-Hoc|Any CPU.Deploy.0 = Release|Any CPU
		{D4F40C21-89A1-449B-8DFA-35E66F6E47D4}.Ad-Hoc|iPhone.ActiveCfg = Release|Any CPU
		{D4F40C21-89A1-449B-8DFA-35E66F6E47D4}.Ad-Hoc|iPhone.Build.0 = Release|Any CPU
		{D4F40C21-89A1-449B-8DFA-35E66F6E47D4}.Ad-Hoc|iPhone.Deploy.0 = Release|Any CPU
		{D4F40C21-89A1-449B-8DFA-35E66F6E47D4}.Ad-Hoc|iPhoneSimulator.ActiveCfg = Release|Any CPU
		{D4F40C21-89A1-449B-8DFA-35E66F6E47D4}.Ad-Hoc|iPhoneSimulator.Build.0 = Release|Any CPU
		{D4F40C21-89A1-449B-8DFA-35E66F6E47D4}.Ad-Hoc|iPhoneSimulator.Deploy.0 = Release|Any CPU
		{D4F40C21-89A1-449B-8DFA-35E66F6E47D4}.AppStore|Any CPU.ActiveCfg = Release|Any CPU
		{D4F40C21-89A1-449B-8DFA-35E66F6E47D4}.AppStore|Any CPU.Build.0 = Release|Any CPU
		{D4F40C21-89A1-449B-8DFA-35E66F6E47D4}.AppStore|Any CPU.Deploy.0 = Release|Any CPU
		{D4F40C21-89A1-449B-8DFA-35E66F6E47D4}.AppStore|iPhone.ActiveCfg = Release|Any CPU
		{D4F40C21-89A1-449B-8DFA-35E66F6E47D4}.AppStore|iPhone.Build.0 = Release|Any CPU
		{D4F40C21-89A1-449B-8DFA-35E66F6E47D4}.AppStore|iPhone.Deploy.0 = Release|Any CPU
		{D4F40C21-89A1-449B-8DFA-35E66F6E47D4}.AppStore|iPhoneSimulator.ActiveCfg = Release|Any CPU
		{D4F40C21-89A1-449B-8DFA-35E66F6E47D4}.AppStore|iPhoneSimulator.Build.0 = Release|Any CPU
		{D4F40C21-89A1-449B-8DFA-35E66F6E47D4}.AppStore|iPhoneSimulator.Deploy.0 = Release|Any CPU
		{D4F40C21-89A1-449B-8DFA-35E66F6E47D4}.Debug|Any CPU.ActiveCfg = Debug|Any CPU
		{D4F40C21-89A1-449B-8DFA-35E66F6E47D4}.Debug|Any CPU.Build.0 = Debug|Any CPU
		{D4F40C21-89A1-449B-8DFA-35E66F6E47D4}.Debug|Any CPU.Deploy.0 = Debug|Any CPU
		{D4F40C21-89A1-449B-8DFA-35E66F6E47D4}.Debug|iPhone.ActiveCfg = Debug|Any CPU
		{D4F40C21-89A1-449B-8DFA-35E66F6E47D4}.Debug|iPhone.Build.0 = Debug|Any CPU
		{D4F40C21-89A1-449B-8DFA-35E66F6E47D4}.Debug|iPhone.Deploy.0 = Debug|Any CPU
		{D4F40C21-89A1-449B-8DFA-35E66F6E47D4}.Debug|iPhoneSimulator.ActiveCfg = Debug|Any CPU
		{D4F40C21-89A1-449B-8DFA-35E66F6E47D4}.Debug|iPhoneSimulator.Build.0 = Debug|Any CPU
		{D4F40C21-89A1-449B-8DFA-35E66F6E47D4}.Debug|iPhoneSimulator.Deploy.0 = Debug|Any CPU
		{D4F40C21-89A1-449B-8DFA-35E66F6E47D4}.Release|Any CPU.ActiveCfg = Release|Any CPU
		{D4F40C21-89A1-449B-8DFA-35E66F6E47D4}.Release|Any CPU.Build.0 = Release|Any CPU
		{D4F40C21-89A1-449B-8DFA-35E66F6E47D4}.Release|Any CPU.Deploy.0 = Release|Any CPU
		{D4F40C21-89A1-449B-8DFA-35E66F6E47D4}.Release|iPhone.ActiveCfg = Release|Any CPU
		{D4F40C21-89A1-449B-8DFA-35E66F6E47D4}.Release|iPhone.Build.0 = Release|Any CPU
		{D4F40C21-89A1-449B-8DFA-35E66F6E47D4}.Release|iPhone.Deploy.0 = Release|Any CPU
		{D4F40C21-89A1-449B-8DFA-35E66F6E47D4}.Release|iPhoneSimulator.ActiveCfg = Release|Any CPU
		{D4F40C21-89A1-449B-8DFA-35E66F6E47D4}.Release|iPhoneSimulator.Build.0 = Release|Any CPU
		{D4F40C21-89A1-449B-8DFA-35E66F6E47D4}.Release|iPhoneSimulator.Deploy.0 = Release|Any CPU
		{61FAF56A-B5AF-40E6-BF04-77286755F80B}.Ad-Hoc|Any CPU.ActiveCfg = Ad-Hoc|iPhone
		{61FAF56A-B5AF-40E6-BF04-77286755F80B}.Ad-Hoc|Any CPU.Build.0 = Ad-Hoc|iPhone
		{61FAF56A-B5AF-40E6-BF04-77286755F80B}.Ad-Hoc|Any CPU.Deploy.0 = Ad-Hoc|iPhone
		{61FAF56A-B5AF-40E6-BF04-77286755F80B}.Ad-Hoc|iPhone.ActiveCfg = Ad-Hoc|iPhone
		{61FAF56A-B5AF-40E6-BF04-77286755F80B}.Ad-Hoc|iPhone.Build.0 = Ad-Hoc|iPhone
		{61FAF56A-B5AF-40E6-BF04-77286755F80B}.Ad-Hoc|iPhone.Deploy.0 = Ad-Hoc|iPhone
		{61FAF56A-B5AF-40E6-BF04-77286755F80B}.Ad-Hoc|iPhoneSimulator.ActiveCfg = Ad-Hoc|iPhoneSimulator
		{61FAF56A-B5AF-40E6-BF04-77286755F80B}.Ad-Hoc|iPhoneSimulator.Build.0 = Ad-Hoc|iPhoneSimulator
		{61FAF56A-B5AF-40E6-BF04-77286755F80B}.Ad-Hoc|iPhoneSimulator.Deploy.0 = Ad-Hoc|iPhoneSimulator
		{61FAF56A-B5AF-40E6-BF04-77286755F80B}.AppStore|Any CPU.ActiveCfg = AppStore|iPhone
		{61FAF56A-B5AF-40E6-BF04-77286755F80B}.AppStore|Any CPU.Build.0 = AppStore|iPhone
		{61FAF56A-B5AF-40E6-BF04-77286755F80B}.AppStore|Any CPU.Deploy.0 = AppStore|iPhone
		{61FAF56A-B5AF-40E6-BF04-77286755F80B}.AppStore|iPhone.ActiveCfg = AppStore|iPhone
		{61FAF56A-B5AF-40E6-BF04-77286755F80B}.AppStore|iPhone.Build.0 = AppStore|iPhone
		{61FAF56A-B5AF-40E6-BF04-77286755F80B}.AppStore|iPhone.Deploy.0 = AppStore|iPhone
		{61FAF56A-B5AF-40E6-BF04-77286755F80B}.AppStore|iPhoneSimulator.ActiveCfg = AppStore|iPhoneSimulator
		{61FAF56A-B5AF-40E6-BF04-77286755F80B}.AppStore|iPhoneSimulator.Build.0 = AppStore|iPhoneSimulator
		{61FAF56A-B5AF-40E6-BF04-77286755F80B}.AppStore|iPhoneSimulator.Deploy.0 = AppStore|iPhoneSimulator
		{61FAF56A-B5AF-40E6-BF04-77286755F80B}.Debug|Any CPU.ActiveCfg = Debug|iPhoneSimulator
		{61FAF56A-B5AF-40E6-BF04-77286755F80B}.Debug|Any CPU.Build.0 = Debug|iPhoneSimulator
		{61FAF56A-B5AF-40E6-BF04-77286755F80B}.Debug|Any CPU.Deploy.0 = Debug|iPhoneSimulator
		{61FAF56A-B5AF-40E6-BF04-77286755F80B}.Debug|iPhone.ActiveCfg = Debug|iPhone
		{61FAF56A-B5AF-40E6-BF04-77286755F80B}.Debug|iPhone.Build.0 = Debug|iPhone
		{61FAF56A-B5AF-40E6-BF04-77286755F80B}.Debug|iPhone.Deploy.0 = Debug|iPhone
		{61FAF56A-B5AF-40E6-BF04-77286755F80B}.Debug|iPhoneSimulator.ActiveCfg = Debug|iPhoneSimulator
		{61FAF56A-B5AF-40E6-BF04-77286755F80B}.Debug|iPhoneSimulator.Build.0 = Debug|iPhoneSimulator
		{61FAF56A-B5AF-40E6-BF04-77286755F80B}.Debug|iPhoneSimulator.Deploy.0 = Debug|iPhoneSimulator
		{61FAF56A-B5AF-40E6-BF04-77286755F80B}.Release|Any CPU.ActiveCfg = Release|iPhone
		{61FAF56A-B5AF-40E6-BF04-77286755F80B}.Release|Any CPU.Build.0 = Release|iPhone
		{61FAF56A-B5AF-40E6-BF04-77286755F80B}.Release|Any CPU.Deploy.0 = Release|iPhone
		{61FAF56A-B5AF-40E6-BF04-77286755F80B}.Release|iPhone.ActiveCfg = Release|iPhone
		{61FAF56A-B5AF-40E6-BF04-77286755F80B}.Release|iPhone.Build.0 = Release|iPhone
		{61FAF56A-B5AF-40E6-BF04-77286755F80B}.Release|iPhone.Deploy.0 = Release|iPhone
		{61FAF56A-B5AF-40E6-BF04-77286755F80B}.Release|iPhoneSimulator.ActiveCfg = Release|iPhoneSimulator
		{61FAF56A-B5AF-40E6-BF04-77286755F80B}.Release|iPhoneSimulator.Build.0 = Release|iPhoneSimulator
		{61FAF56A-B5AF-40E6-BF04-77286755F80B}.Release|iPhoneSimulator.Deploy.0 = Release|iPhoneSimulator
		{18188361-D863-4F9E-BC22-BAF2788ED3A5}.Ad-Hoc|Any CPU.ActiveCfg = Debug|Any CPU
		{18188361-D863-4F9E-BC22-BAF2788ED3A5}.Ad-Hoc|Any CPU.Build.0 = Debug|Any CPU
		{18188361-D863-4F9E-BC22-BAF2788ED3A5}.Ad-Hoc|Any CPU.Deploy.0 = Debug|Any CPU
		{18188361-D863-4F9E-BC22-BAF2788ED3A5}.Ad-Hoc|iPhone.ActiveCfg = Debug|Any CPU
		{18188361-D863-4F9E-BC22-BAF2788ED3A5}.Ad-Hoc|iPhone.Build.0 = Debug|Any CPU
		{18188361-D863-4F9E-BC22-BAF2788ED3A5}.Ad-Hoc|iPhone.Deploy.0 = Debug|Any CPU
		{18188361-D863-4F9E-BC22-BAF2788ED3A5}.Ad-Hoc|iPhoneSimulator.ActiveCfg = Debug|Any CPU
		{18188361-D863-4F9E-BC22-BAF2788ED3A5}.Ad-Hoc|iPhoneSimulator.Build.0 = Debug|Any CPU
		{18188361-D863-4F9E-BC22-BAF2788ED3A5}.Ad-Hoc|iPhoneSimulator.Deploy.0 = Debug|Any CPU
		{18188361-D863-4F9E-BC22-BAF2788ED3A5}.AppStore|Any CPU.ActiveCfg = Debug|Any CPU
		{18188361-D863-4F9E-BC22-BAF2788ED3A5}.AppStore|Any CPU.Build.0 = Debug|Any CPU
		{18188361-D863-4F9E-BC22-BAF2788ED3A5}.AppStore|Any CPU.Deploy.0 = Debug|Any CPU
		{18188361-D863-4F9E-BC22-BAF2788ED3A5}.AppStore|iPhone.ActiveCfg = Debug|Any CPU
		{18188361-D863-4F9E-BC22-BAF2788ED3A5}.AppStore|iPhone.Build.0 = Debug|Any CPU
		{18188361-D863-4F9E-BC22-BAF2788ED3A5}.AppStore|iPhone.Deploy.0 = Debug|Any CPU
		{18188361-D863-4F9E-BC22-BAF2788ED3A5}.AppStore|iPhoneSimulator.ActiveCfg = Debug|Any CPU
		{18188361-D863-4F9E-BC22-BAF2788ED3A5}.AppStore|iPhoneSimulator.Build.0 = Debug|Any CPU
		{18188361-D863-4F9E-BC22-BAF2788ED3A5}.AppStore|iPhoneSimulator.Deploy.0 = Debug|Any CPU
		{18188361-D863-4F9E-BC22-BAF2788ED3A5}.Debug|Any CPU.ActiveCfg = Debug|Any CPU
		{18188361-D863-4F9E-BC22-BAF2788ED3A5}.Debug|Any CPU.Build.0 = Debug|Any CPU
		{18188361-D863-4F9E-BC22-BAF2788ED3A5}.Debug|Any CPU.Deploy.0 = Debug|Any CPU
		{18188361-D863-4F9E-BC22-BAF2788ED3A5}.Debug|iPhone.ActiveCfg = Debug|Any CPU
		{18188361-D863-4F9E-BC22-BAF2788ED3A5}.Debug|iPhone.Build.0 = Debug|Any CPU
		{18188361-D863-4F9E-BC22-BAF2788ED3A5}.Debug|iPhone.Deploy.0 = Debug|Any CPU
		{18188361-D863-4F9E-BC22-BAF2788ED3A5}.Debug|iPhoneSimulator.ActiveCfg = Debug|Any CPU
		{18188361-D863-4F9E-BC22-BAF2788ED3A5}.Debug|iPhoneSimulator.Build.0 = Debug|Any CPU
		{18188361-D863-4F9E-BC22-BAF2788ED3A5}.Debug|iPhoneSimulator.Deploy.0 = Debug|Any CPU
		{18188361-D863-4F9E-BC22-BAF2788ED3A5}.Release|Any CPU.ActiveCfg = Release|Any CPU
		{18188361-D863-4F9E-BC22-BAF2788ED3A5}.Release|Any CPU.Build.0 = Release|Any CPU
		{18188361-D863-4F9E-BC22-BAF2788ED3A5}.Release|Any CPU.Deploy.0 = Release|Any CPU
		{18188361-D863-4F9E-BC22-BAF2788ED3A5}.Release|iPhone.ActiveCfg = Release|Any CPU
		{18188361-D863-4F9E-BC22-BAF2788ED3A5}.Release|iPhone.Build.0 = Release|Any CPU
		{18188361-D863-4F9E-BC22-BAF2788ED3A5}.Release|iPhone.Deploy.0 = Release|Any CPU
		{18188361-D863-4F9E-BC22-BAF2788ED3A5}.Release|iPhoneSimulator.ActiveCfg = Release|Any CPU
		{18188361-D863-4F9E-BC22-BAF2788ED3A5}.Release|iPhoneSimulator.Build.0 = Release|Any CPU
		{18188361-D863-4F9E-BC22-BAF2788ED3A5}.Release|iPhoneSimulator.Deploy.0 = Release|Any CPU
	EndGlobalSection
	GlobalSection(SolutionProperties) = preSolution
		HideSolutionNode = FALSE
	EndGlobalSection
	GlobalSection(ExtensibilityGlobals) = postSolution
		SolutionGuid = {7CDD048E-E403-46EE-9A7C-996730A44BCB}
	EndGlobalSection
EndGlobal
